
Microsoft Visual Studio Solution File, Format Version 12.00
# Visual Studio Version 17
VisualStudioVersion = 17.7.34221.43
MinimumVisualStudioVersion = 10.0.40219.1
Project("{FAE04EC0-301F-11D3-BF4B-00C04F79EFBC}") = "AlJamaliUnited.Web", "AlJamaliUnited.Web\AlJamaliUnited.Web.csproj", "{1BEEFD54-915A-4488-8D59-51C41A530ECD}"
EndProject
Global
	GlobalSection(SolutionConfigurationPlatforms) = preSolution
		Debug|Any CPU = Debug|Any CPU
		Release|Any CPU = Release|Any CPU
	EndGlobalSection
	GlobalSection(ProjectConfigurationPlatforms) = postSolution
		{1BEEFD54-915A-4488-8D59-51C41A530ECD}.Debug|Any CPU.ActiveCfg = Debug|Any CPU
		{1BEEFD54-915A-4488-8D59-51C41A530ECD}.Debug|Any CPU.Build.0 = Debug|Any CPU
		{1BEEFD54-915A-4488-8D59-51C41A530ECD}.Release|Any CPU.ActiveCfg = Release|Any CPU
		{1BEEFD54-915A-4488-8D59-51C41A530ECD}.Release|Any CPU.Build.0 = Release|Any CPU
	EndGlobalSection
	GlobalSection(SolutionProperties) = preSolution
		HideSolutionNode = FALSE
	EndGlobalSection
	GlobalSection(ExtensibilityGlobals) = postSolution
		SolutionGuid = {2C9E5848-1267-42FE-A646-00CD846A7210}
	EndGlobalSection
EndGlobal
